
Microsoft Visual Studio Solution File, Format Version 12.00
# Visual Studio 15
VisualStudioVersion = 15.0.28307.1231
MinimumVisualStudioVersion = 10.0.40219.1
Project("{FAE04EC0-301F-11D3-BF4B-00C04F79EFBC}") = "RuzgarOguz", "RuzgarOguz\RuzgarOguz.csproj", "{C6CC6979-0F1C-4379-A24D-6A96E2167912}"
EndProject
Global
	GlobalSection(SolutionConfigurationPlatforms) = preSolution
		Debug|Any CPU = Debug|Any CPU
		Release|Any CPU = Release|Any CPU
	EndGlobalSection
	GlobalSection(ProjectConfigurationPlatforms) = postSolution
		{C6CC6979-0F1C-4379-A24D-6A96E2167912}.Debug|Any CPU.ActiveCfg = Debug|Any CPU
		{C6CC6979-0F1C-4379-A24D-6A96E2167912}.Debug|Any CPU.Build.0 = Debug|Any CPU
		{C6CC6979-0F1C-4379-A24D-6A96E2167912}.Release|Any CPU.ActiveCfg = Release|Any CPU
		{C6CC6979-0F1C-4379-A24D-6A96E2167912}.Release|Any CPU.Build.0 = Release|Any CPU
	EndGlobalSection
	GlobalSection(SolutionProperties) = preSolution
		HideSolutionNode = FALSE
	EndGlobalSection
	GlobalSection(ExtensibilityGlobals) = postSolution
		SolutionGuid = {B017FB5E-ED67-46A5-9C57-ECB562D89AA2}
	EndGlobalSection
EndGlobal
